
Microsoft Visual Studio Solution File, Format Version 12.00
# Visual Studio 14
VisualStudioVersion = 14.0.25123.0
MinimumVisualStudioVersion = 10.0.40219.1
Project("{FAE04EC0-301F-11D3-BF4B-00C04F79EFBC}") = "SmartRobot", "SmartRobot\SmartRobot.csproj", "{FEC79A36-79C3-4F9A-A876-91A7EA700D72}"
EndProject
Project("{FAE04EC0-301F-11D3-BF4B-00C04F79EFBC}") = "SmartRobot.UI", "SmartRobot.UI\SmartRobot.UI.csproj", "{399A524C-72F8-40BB-BDF6-B4F05BA5BF0A}"
EndProject
Project("{FAE04EC0-301F-11D3-BF4B-00C04F79EFBC}") = "SmartRobot.Console", "SmartRobot.Console\SmartRobot.Console.csproj", "{E26FADB0-4A7D-4324-95CD-435088F53534}"
EndProject
Global
	GlobalSection(SolutionConfigurationPlatforms) = preSolution
		Debug|Any CPU = Debug|Any CPU
		Release|Any CPU = Release|Any CPU
	EndGlobalSection
	GlobalSection(ProjectConfigurationPlatforms) = postSolution
		{FEC79A36-79C3-4F9A-A876-91A7EA700D72}.Debug|Any CPU.ActiveCfg = Debug|Any CPU
		{FEC79A36-79C3-4F9A-A876-91A7EA700D72}.Debug|Any CPU.Build.0 = Debug|Any CPU
		{FEC79A36-79C3-4F9A-A876-91A7EA700D72}.Release|Any CPU.ActiveCfg = Release|Any CPU
		{FEC79A36-79C3-4F9A-A876-91A7EA700D72}.Release|Any CPU.Build.0 = Release|Any CPU
		{399A524C-72F8-40BB-BDF6-B4F05BA5BF0A}.Debug|Any CPU.ActiveCfg = Debug|Any CPU
		{399A524C-72F8-40BB-BDF6-B4F05BA5BF0A}.Debug|Any CPU.Build.0 = Debug|Any CPU
		{399A524C-72F8-40BB-BDF6-B4F05BA5BF0A}.Release|Any CPU.ActiveCfg = Release|Any CPU
		{399A524C-72F8-40BB-BDF6-B4F05BA5BF0A}.Release|Any CPU.Build.0 = Release|Any CPU
		{E26FADB0-4A7D-4324-95CD-435088F53534}.Debug|Any CPU.ActiveCfg = Debug|Any CPU
		{E26FADB0-4A7D-4324-95CD-435088F53534}.Debug|Any CPU.Build.0 = Debug|Any CPU
		{E26FADB0-4A7D-4324-95CD-435088F53534}.Release|Any CPU.ActiveCfg = Release|Any CPU
		{E26FADB0-4A7D-4324-95CD-435088F53534}.Release|Any CPU.Build.0 = Release|Any CPU
	EndGlobalSection
	GlobalSection(SolutionProperties) = preSolution
		HideSolutionNode = FALSE
	EndGlobalSection
EndGlobal
